{
  "originHash" : "29233215d014ae90758bfd4068b44959ef5324bbb71c7b7caf3cbb4f5ff049c6",
  "pins" : [
    {
      "identity" : "lite",
      "kind" : "remoteSourceControl",
      "location" : "https://github.com/llvm-swift/lite",
      "state" : {
        "branch" : "master",
        "revision" : "89cfd9789fd65c526b1ccb423f935c4452c9a77e"
      }
    },
    {
      "identity" : "rainbow",
      "kind" : "remoteSourceControl",
      "location" : "https://github.com/onevcat/Rainbow.git",
      "state" : {
        "revision" : "626c3d4b6b55354b4af3aa309f998fae9b31a3d9",
        "version" : "3.2.0"
      }
    },
    {
      "identity" : "swift-argument-parser",
      "kind" : "remoteSourceControl",
      "location" : "https://github.com/apple/swift-argument-parser",
      "state" : {
        "revision" : "309a47b2b1d9b5e991f36961c983ecec72275be3",
        "version" : "1.6.1"
      }
    },
    {
      "identity" : "swift-subprocess",
      "kind" : "remoteSourceControl",
      "location" : "https://github.com/swiftlang/swift-subprocess",
      "state" : {
        "branch" : "main",
        "revision" : "44be5d56aa4b26dc2003a67c0288a6a68366a87d"
      }
    },
    {
      "identity" : "swift-system",
      "kind" : "remoteSourceControl",
      "location" : "https://github.com/apple/swift-system",
      "state" : {
        "revision" : "61e4ca4b81b9e09e2ec863b00c340eb13497dac6",
        "version" : "1.5.0"
      }
    }
  ],
  "version" : 3
}
